{
  "name": "projectalphaapi",
  "version": "1.0.0",
  "lockfileVersion": 3,
  "requires": true,
  "packages": {
    "": {
      "name": "projectalphaapi",
      "version": "1.0.0",
      "license": "ISC",
      "dependencies": {
        "restfoldermaker": "^0.0.5"
      }
    },
    "node_modules/restfoldermaker": {
      "version": "0.0.5",
      "resolved": "https://registry.npmjs.org/restfoldermaker/-/restfoldermaker-0.0.5.tgz",
      "integrity": "sha512-xxyHYMT6iiA8ZbCItnl+kVgVXDQhunBBxjiOPr2murnlsFoawgBH38Uz5lCjKKateAOnfWpkBSxlDf4e2FJbig==",
      "bin": {
        "restfoldermaker": "bin/index.js"
      }
    }
  }
}
